# This file is autogenerated, do not edit; changes may be undone by the next 'dep ensure'.


[[projects]]
  name = "github.com/davecgh/go-spew"
  packages = ["spew"]
  revision = "346938d642f2ec3594ed81d874461961cd0faa76"
  version = "v1.1.0"

[[projects]]
  branch = "master"
  name = "github.com/go-cmd/cmd"
  packages = ["."]
  revision = "a2f18106a9e069b001ad1136e2c89723d25301f4"

[[projects]]
  branch = "master"
  name = "github.com/gopherjs/gopherjs"
  packages = ["js"]
  revision = "296de816d4fe28b61803072c3f89360e9d1823ff"

[[projects]]
  name = "github.com/jtolds/gls"
  packages = ["."]
  revision = "77f18212c9c7edc9bd6a33d383a7b545ce62f064"
  version = "v4.2.1"

[[projects]]
  name = "github.com/pmezard/go-difflib"
  packages = ["difflib"]
  revision = "792786c7400a136282c1664665ae0a8db921c6c2"
  version = "v1.0.0"

[[projects]]
  branch = "master"
  name = "github.com/prashantv/gostub"
  packages = ["."]
  revision = "5c68b99bb08825598e70739c40603c901ee58dba"

[[projects]]
  name = "github.com/smartystreets/assertions"
  packages = [
    ".",
    "internal/go-render/render",
    "internal/oglematchers"
  ]
  revision = "0b37b35ec7434b77e77a4bb29b79677cced992ea"
  version = "1.8.1"

[[projects]]
  name = "github.com/smartystreets/goconvey"
  packages = [
    "convey",
    "convey/gotest",
    "convey/reporting"
  ]
  revision = "9e8dc3f972df6c8fcc0375ef492c24d0bb204857"
  version = "1.6.3"

[[projects]]
  name = "github.com/stretchr/testify"
  packages = ["assert"]
  revision = "12b6f73e6084dad08a7c6e575284b177ecafbc71"
  version = "v1.2.1"

[[projects]]
  name = "github.com/thoas/go-funk"
  packages = ["."]
  revision = "14304e8530de7dbb909c8305591b3a8370dd9dbb"
  version = "0.2"

[solve-meta]
  analyzer-name = "dep"
  analyzer-version = 1
  inputs-digest = "cdd761b63dad101695d6b6cf367a5e8c433bd59d34578c2b0af0ce35127a59b2"
  solver-name = "gps-cdcl"
  solver-version = 1
